// !$*UTF8*$!
{
	archiveVersion = 1;
	classes = {
	};
	objectVersion = 50;
	objects = {

/* Begin PBXBuildFile section */
		0E91EF20A4E7D6877AE89EED /* Pods_60_nasaMarsPhoto.framework in Frameworks */ = {isa = PBXBuildFile; fileRef = 72C170ECD90822FF1E6A5F6D /* Pods_60_nasaMarsPhoto.framework */; };
		A32EF5F524FFB684000252EA /* AppDelegate.swift in Sources */ = {isa = PBXBuildFile; fileRef = A32EF5F424FFB684000252EA /* AppDelegate.swift */; };
		A32EF5F724FFB684000252EA /* SceneDelegate.swift in Sources */ = {isa = PBXBuildFile; fileRef = A32EF5F624FFB684000252EA /* SceneDelegate.swift */; };
		A32EF5F924FFB684000252EA /* ViewController.swift in Sources */ = {isa = PBXBuildFile; fileRef = A32EF5F824FFB684000252EA /* ViewController.swift */; };
		A32EF5FC24FFB684000252EA /* Main.storyboard in Resources */ = {isa = PBXBuildFile; fileRef = A32EF5FA24FFB684000252EA /* Main.storyboard */; };
		A32EF5FE24FFB685000252EA /* Assets.xcassets in Resources */ = {isa = PBXBuildFile; fileRef = A32EF5FD24FFB685000252EA /* Assets.xcassets */; };
		A32EF60124FFB685000252EA /* LaunchScreen.storyboard in Resources */ = {isa = PBXBuildFile; fileRef = A32EF5FF24FFB685000252EA /* LaunchScreen.storyboard */; };
		A32EF60B24FFCA0B000252EA /* RoverCell.swift in Sources */ = {isa = PBXBuildFile; fileRef = A32EF60924FFCA0B000252EA /* RoverCell.swift */; };
		A32EF60C24FFCA0B000252EA /* RoverCell.xib in Resources */ = {isa = PBXBuildFile; fileRef = A32EF60A24FFCA0B000252EA /* RoverCell.xib */; };
		A32EF60F24FFCEDE000252EA /* Utils.swift in Sources */ = {isa = PBXBuildFile; fileRef = A32EF60E24FFCEDE000252EA /* Utils.swift */; };
		A32EF61224FFD4BE000252EA /* ModelPhoto.swift in Sources */ = {isa = PBXBuildFile; fileRef = A32EF61124FFD4BE000252EA /* ModelPhoto.swift */; };
/* End PBXBuildFile section */

/* Begin PBXFileReference section */
		6CFC2063EFE54EE1DF97B4F8 /* Pods-60_nasaMarsPhoto.debug.xcconfig */ = {isa = PBXFileReference; includeInIndex = 1; lastKnownFileType = text.xcconfig; name = "Pods-60_nasaMarsPhoto.debug.xcconfig"; path = "Target Support Files/Pods-60_nasaMarsPhoto/Pods-60_nasaMarsPhoto.debug.xcconfig"; sourceTree = "<group>"; };
		72C170ECD90822FF1E6A5F6D /* Pods_60_nasaMarsPhoto.framework */ = {isa = PBXFileReference; explicitFileType = wrapper.framework; includeInIndex = 0; path = Pods_60_nasaMarsPhoto.framework; sourceTree = BUILT_PRODUCTS_DIR; };
		8AF9B45F8D4E31284BC43538 /* Pods-60_nasaMarsPhoto.release.xcconfig */ = {isa = PBXFileReference; includeInIndex = 1; lastKnownFileType = text.xcconfig; name = "Pods-60_nasaMarsPhoto.release.xcconfig"; path = "Target Support Files/Pods-60_nasaMarsPhoto/Pods-60_nasaMarsPhoto.release.xcconfig"; sourceTree = "<group>"; };
		A32EF5F124FFB684000252EA /* 60_nasaMarsPhoto.app */ = {isa = PBXFileReference; explicitFileType = wrapper.application; includeInIndex = 0; path = 60_nasaMarsPhoto.app; sourceTree = BUILT_PRODUCTS_DIR; };
		A32EF5F424FFB684000252EA /* AppDelegate.swift */ = {isa = PBXFileReference; lastKnownFileType = sourcecode.swift; path = AppDelegate.swift; sourceTree = "<group>"; };
		A32EF5F624FFB684000252EA /* SceneDelegate.swift */ = {isa = PBXFileReference; lastKnownFileType = sourcecode.swift; path = SceneDelegate.swift; sourceTree = "<group>"; };
		A32EF5F824FFB684000252EA /* ViewController.swift */ = {isa = PBXFileReference; lastKnownFileType = sourcecode.swift; path = ViewController.swift; sourceTree = "<group>"; };
		A32EF5FB24FFB684000252EA /* Base */ = {isa = PBXFileReference; lastKnownFileType = file.storyboard; name = Base; path = Base.lproj/Main.storyboard; sourceTree = "<group>"; };
		A32EF5FD24FFB685000252EA /* Assets.xcassets */ = {isa = PBXFileReference; lastKnownFileType = folder.assetcatalog; path = Assets.xcassets; sourceTree = "<group>"; };
		A32EF60024FFB685000252EA /* Base */ = {isa = PBXFileReference; lastKnownFileType = file.storyboard; name = Base; path = Base.lproj/LaunchScreen.storyboard; sourceTree = "<group>"; };
		A32EF60224FFB685000252EA /* Info.plist */ = {isa = PBXFileReference; lastKnownFileType = text.plist.xml; path = Info.plist; sourceTree = "<group>"; };
		A32EF60924FFCA0B000252EA /* RoverCell.swift */ = {isa = PBXFileReference; lastKnownFileType = sourcecode.swift; path = RoverCell.swift; sourceTree = "<group>"; };
		A32EF60A24FFCA0B000252EA /* RoverCell.xib */ = {isa = PBXFileReference; lastKnownFileType = file.xib; path = RoverCell.xib; sourceTree = "<group>"; };
		A32EF60E24FFCEDE000252EA /* Utils.swift */ = {isa = PBXFileReference; lastKnownFileType = sourcecode.swift; path = Utils.swift; sourceTree = "<group>"; };
		A32EF61124FFD4BE000252EA /* ModelPhoto.swift */ = {isa = PBXFileReference; lastKnownFileType = sourcecode.swift; path = ModelPhoto.swift; sourceTree = "<group>"; };
/* End PBXFileReference section */

/* Begin PBXFrameworksBuildPhase section */
		A32EF5EE24FFB684000252EA /* Frameworks */ = {
			isa = PBXFrameworksBuildPhase;
			buildActionMask = 2147483647;
			files = (
				0E91EF20A4E7D6877AE89EED /* Pods_60_nasaMarsPhoto.framework in Frameworks */,
			);
			runOnlyForDeploymentPostprocessing = 0;
		};
/* End PBXFrameworksBuildPhase section */

/* Begin PBXGroup section */
		50EAF15DF3A62DB6E096E71B /* Frameworks */ = {
			isa = PBXGroup;
			children = (
				72C170ECD90822FF1E6A5F6D /* Pods_60_nasaMarsPhoto.framework */,
			);
			name = Frameworks;
			sourceTree = "<group>";
		};
		A32EF5E824FFB684000252EA = {
			isa = PBXGroup;
			children = (
				A32EF5F324FFB684000252EA /* 60_nasaMarsPhoto */,
				A32EF5F224FFB684000252EA /* Products */,
				D8F40CD471357BD464CAEB6D /* Pods */,
				50EAF15DF3A62DB6E096E71B /* Frameworks */,
			);
			sourceTree = "<group>";
		};
		A32EF5F224FFB684000252EA /* Products */ = {
			isa = PBXGroup;
			children = (
				A32EF5F124FFB684000252EA /* 60_nasaMarsPhoto.app */,
			);
			name = Products;
			sourceTree = "<group>";
		};
		A32EF5F324FFB684000252EA /* 60_nasaMarsPhoto */ = {
			isa = PBXGroup;
			children = (
				A32EF5F424FFB684000252EA /* AppDelegate.swift */,
				A32EF5F624FFB684000252EA /* SceneDelegate.swift */,
				A32EF5F824FFB684000252EA /* ViewController.swift */,
				A32EF61024FFD477000252EA /* Models */,
				A32EF60D24FFCEB2000252EA /* Utils */,
				A32EF60824FFC9B9000252EA /* Cells */,
				A32EF5FA24FFB684000252EA /* Main.storyboard */,
				A32EF5FD24FFB685000252EA /* Assets.xcassets */,
				A32EF5FF24FFB685000252EA /* LaunchScreen.storyboard */,
				A32EF60224FFB685000252EA /* Info.plist */,
			);
			path = 60_nasaMarsPhoto;
			sourceTree = "<group>";
		};
		A32EF60824FFC9B9000252EA /* Cells */ = {
			isa = PBXGroup;
			children = (
				A32EF60924FFCA0B000252EA /* RoverCell.swift */,
				A32EF60A24FFCA0B000252EA /* RoverCell.xib */,
			);
			path = Cells;
			sourceTree = "<group>";
		};
		A32EF60D24FFCEB2000252EA /* Utils */ = {
			isa = PBXGroup;
			children = (
				A32EF60E24FFCEDE000252EA /* Utils.swift */,
			);
			path = Utils;
			sourceTree = "<group>";
		};
		A32EF61024FFD477000252EA /* Models */ = {
			isa = PBXGroup;
			children = (
				A32EF61124FFD4BE000252EA /* ModelPhoto.swift */,
			);
			path = Models;
			sourceTree = "<group>";
		};
		D8F40CD471357BD464CAEB6D /* Pods */ = {
			isa = PBXGroup;
			children = (
				6CFC2063EFE54EE1DF97B4F8 /* Pods-60_nasaMarsPhoto.debug.xcconfig */,
				8AF9B45F8D4E31284BC43538 /* Pods-60_nasaMarsPhoto.release.xcconfig */,
			);
			name = Pods;
			path = Pods;
			sourceTree = "<group>";
		};
/* End PBXGroup section */

/* Begin PBXNativeTarget section */
		A32EF5F024FFB684000252EA /* 60_nasaMarsPhoto */ = {
			isa = PBXNativeTarget;
			buildConfigurationList = A32EF60524FFB685000252EA /* Build configuration list for PBXNativeTarget "60_nasaMarsPhoto" */;
			buildPhases = (
				F585B5F77E309B7D4484CE2E /* [CP] Check Pods Manifest.lock */,
				A32EF5ED24FFB684000252EA /* Sources */,
				A32EF5EE24FFB684000252EA /* Frameworks */,
				A32EF5EF24FFB684000252EA /* Resources */,
				8F549592154839E1F027A716 /* [CP] Embed Pods Frameworks */,
			);
			buildRules = (
			);
			dependencies = (
			);
			name = 60_nasaMarsPhoto;
			productName = 60_nasaMarsPhoto;
			productReference = A32EF5F124FFB684000252EA /* 60_nasaMarsPhoto.app */;
			productType = "com.apple.product-type.application";
		};
/* End PBXNativeTarget section */

/* Begin PBXProject section */
		A32EF5E924FFB684000252EA /* Project object */ = {
			isa = PBXProject;
			attributes = {
				LastSwiftUpdateCheck = 1160;
				LastUpgradeCheck = 1160;
				ORGANIZATIONNAME = fedir;
				TargetAttributes = {
					A32EF5F024FFB684000252EA = {
						CreatedOnToolsVersion = 11.6;
					};
				};
			};
			buildConfigurationList = A32EF5EC24FFB684000252EA /* Build configuration list for PBXProject "60_nasaMarsPhoto" */;
			compatibilityVersion = "Xcode 9.3";
			developmentRegion = en;
			hasScannedForEncodings = 0;
			knownRegions = (
				en,
				Base,
			);
			mainGroup = A32EF5E824FFB684000252EA;
			productRefGroup = A32EF5F224FFB684000252EA /* Products */;
			projectDirPath = "";
			projectRoot = "";
			targets = (
				A32EF5F024FFB684000252EA /* 60_nasaMarsPhoto */,
			);
		};
/* End PBXProject section */

/* Begin PBXResourcesBuildPhase section */
		A32EF5EF24FFB684000252EA /* Resources */ = {
			isa = PBXResourcesBuildPhase;
			buildActionMask = 2147483647;
			files = (
				A32EF60C24FFCA0B000252EA /* RoverCell.xib in Resources */,
				A32EF60124FFB685000252EA /* LaunchScreen.storyboard in Resources */,
				A32EF5FE24FFB685000252EA /* Assets.xcassets in Resources */,
				A32EF5FC24FFB684000252EA /* Main.storyboard in Resources */,
			);
			runOnlyForDeploymentPostprocessing = 0;
		};
/* End PBXResourcesBuildPhase section */

/* Begin PBXShellScriptBuildPhase section */
		8F549592154839E1F027A716 /* [CP] Embed Pods Frameworks */ = {
			isa = PBXShellScriptBuildPhase;
			buildActionMask = 2147483647;
			files = (
			);
			inputFileListPaths = (
				"${PODS_ROOT}/Target Support Files/Pods-60_nasaMarsPhoto/Pods-60_nasaMarsPhoto-frameworks-${CONFIGURATION}-input-files.xcfilelist",
			);
			name = "[CP] Embed Pods Frameworks";
			outputFileListPaths = (
				"${PODS_ROOT}/Target Support Files/Pods-60_nasaMarsPhoto/Pods-60_nasaMarsPhoto-frameworks-${CONFIGURATION}-output-files.xcfilelist",
			);
			runOnlyForDeploymentPostprocessing = 0;
			shellPath = /bin/sh;
			shellScript = "\"${PODS_ROOT}/Target Support Files/Pods-60_nasaMarsPhoto/Pods-60_nasaMarsPhoto-frameworks.sh\"\n";
			showEnvVarsInLog = 0;
		};
		F585B5F77E309B7D4484CE2E /* [CP] Check Pods Manifest.lock */ = {
			isa = PBXShellScriptBuildPhase;
			buildActionMask = 2147483647;
			files = (
			);
			inputFileListPaths = (
			);
			inputPaths = (
				"${PODS_PODFILE_DIR_PATH}/Podfile.lock",
				"${PODS_ROOT}/Manifest.lock",
			);
			name = "[CP] Check Pods Manifest.lock";
			outputFileListPaths = (
			);
			outputPaths = (
				"$(DERIVED_FILE_DIR)/Pods-60_nasaMarsPhoto-checkManifestLockResult.txt",
			);
			runOnlyForDeploymentPostprocessing = 0;
			shellPath = /bin/sh;
			shellScript = "diff \"${PODS_PODFILE_DIR_PATH}/Podfile.lock\" \"${PODS_ROOT}/Manifest.lock\" > /dev/null\nif [ $? != 0 ] ; then\n    # print error to STDERR\n    echo \"error: The sandbox is not in sync with the Podfile.lock. Run 'pod install' or update your CocoaPods installation.\" >&2\n    exit 1\nfi\n# This output is used by Xcode 'outputs' to avoid re-running this script phase.\necho \"SUCCESS\" > \"${SCRIPT_OUTPUT_FILE_0}\"\n";
			showEnvVarsInLog = 0;
		};
/* End PBXShellScriptBuildPhase section */

/* Begin PBXSourcesBuildPhase section */
		A32EF5ED24FFB684000252EA /* Sources */ = {
			isa = PBXSourcesBuildPhase;
			buildActionMask = 2147483647;
			files = (
				A32EF61224FFD4BE000252EA /* ModelPhoto.swift in Sources */,
				A32EF60F24FFCEDE000252EA /* Utils.swift in Sources */,
				A32EF60B24FFCA0B000252EA /* RoverCell.swift in Sources */,
				A32EF5F924FFB684000252EA /* ViewController.swift in Sources */,
				A32EF5F524FFB684000252EA /* AppDelegate.swift in Sources */,
				A32EF5F724FFB684000252EA /* SceneDelegate.swift in Sources */,
			);
			runOnlyForDeploymentPostprocessing = 0;
		};
/* End PBXSourcesBuildPhase section */

/* Begin PBXVariantGroup section */
		A32EF5FA24FFB684000252EA /* Main.storyboard */ = {
			isa = PBXVariantGroup;
			children = (
				A32EF5FB24FFB684000252EA /* Base */,
			);
			name = Main.storyboard;
			sourceTree = "<group>";
		};
		A32EF5FF24FFB685000252EA /* LaunchScreen.storyboard */ = {
			isa = PBXVariantGroup;
			children = (
				A32EF60024FFB685000252EA /* Base */,
			);
			name = LaunchScreen.storyboard;
			sourceTree = "<group>";
		};
/* End PBXVariantGroup section */

/* Begin XCBuildConfiguration section */
		A32EF60324FFB685000252EA /* Debug */ = {
			isa = XCBuildConfiguration;
			buildSettings = {
				ALWAYS_SEARCH_USER_PATHS = NO;
				CLANG_ANALYZER_NONNULL = YES;
				CLANG_ANALYZER_NUMBER_OBJECT_CONVERSION = YES_AGGRESSIVE;
				CLANG_CXX_LANGUAGE_STANDARD = "gnu++14";
				CLANG_CXX_LIBRARY = "libc++";
				CLANG_ENABLE_MODULES = YES;
				CLANG_ENABLE_OBJC_ARC = YES;
				CLANG_ENABLE_OBJC_WEAK = YES;
				CLANG_WARN_BLOCK_CAPTURE_AUTORELEASING = YES;
				CLANG_WARN_BOOL_CONVERSION = YES;
				CLANG_WARN_COMMA = YES;
				CLANG_WARN_CONSTANT_CONVERSION = YES;
				CLANG_WARN_DEPRECATED_OBJC_IMPLEMENTATIONS = YES;
				CLANG_WARN_DIRECT_OBJC_ISA_USAGE = YES_ERROR;
				CLANG_WARN_DOCUMENTATION_COMMENTS = YES;
				CLANG_WARN_EMPTY_BODY = YES;
				CLANG_WARN_ENUM_CONVERSION = YES;
				CLANG_WARN_INFINITE_RECURSION = YES;
				CLANG_WARN_INT_CONVERSION = YES;
				CLANG_WARN_NON_LITERAL_NULL_CONVERSION = YES;
				CLANG_WARN_OBJC_IMPLICIT_RETAIN_SELF = YES;
				CLANG_WARN_OBJC_LITERAL_CONVERSION = YES;
				CLANG_WARN_OBJC_ROOT_CLASS = YES_ERROR;
				CLANG_WARN_RANGE_LOOP_ANALYSIS = YES;
				CLANG_WARN_STRICT_PROTOTYPES = YES;
				CLANG_WARN_SUSPICIOUS_MOVE = YES;
				CLANG_WARN_UNGUARDED_AVAILABILITY = YES_AGGRESSIVE;
				CLANG_WARN_UNREACHABLE_CODE = YES;
				CLANG_WARN__DUPLICATE_METHOD_MATCH = YES;
				COPY_PHASE_STRIP = NO;
				DEBUG_INFORMATION_FORMAT = dwarf;
				ENABLE_STRICT_OBJC_MSGSEND = YES;
				ENABLE_TESTABILITY = YES;
				GCC_C_LANGUAGE_STANDARD = gnu11;
				GCC_DYNAMIC_NO_PIC = NO;
				GCC_NO_COMMON_BLOCKS = YES;
				GCC_OPTIMIZATION_LEVEL = 0;
				GCC_PREPROCESSOR_DEFINITIONS = (
					"DEBUG=1",
					"$(inherited)",
				);
				GCC_WARN_64_TO_32_BIT_CONVERSION = YES;
				GCC_WARN_ABOUT_RETURN_TYPE = YES_ERROR;
				GCC_WARN_UNDECLARED_SELECTOR = YES;
				GCC_WARN_UNINITIALIZED_AUTOS = YES_AGGRESSIVE;
				GCC_WARN_UNUSED_FUNCTION = YES;
				GCC_WARN_UNUSED_VARIABLE = YES;
				IPHONEOS_DEPLOYMENT_TARGET = 13.6;
				MTL_ENABLE_DEBUG_INFO = INCLUDE_SOURCE;
				MTL_FAST_MATH = YES;
				ONLY_ACTIVE_ARCH = YES;
				SDKROOT = iphoneos;
				SWIFT_ACTIVE_COMPILATION_CONDITIONS = DEBUG;
				SWIFT_OPTIMIZATION_LEVEL = "-Onone";
			};
			name = Debug;
		};
		A32EF60424FFB685000252EA /* Release */ = {
			isa = XCBuildConfiguration;
			buildSettings = {
				ALWAYS_SEARCH_USER_PATHS = NO;
				CLANG_ANALYZER_NONNULL = YES;
				CLANG_ANALYZER_NUMBER_OBJECT_CONVERSION = YES_AGGRESSIVE;
				CLANG_CXX_LANGUAGE_STANDARD = "gnu++14";
				CLANG_CXX_LIBRARY = "libc++";
				CLANG_ENABLE_MODULES = YES;
				CLANG_ENABLE_OBJC_ARC = YES;
				CLANG_ENABLE_OBJC_WEAK = YES;
				CLANG_WARN_BLOCK_CAPTURE_AUTORELEASING = YES;
				CLANG_WARN_BOOL_CONVERSION = YES;
				CLANG_WARN_COMMA = YES;
				CLANG_WARN_CONSTANT_CONVERSION = YES;
				CLANG_WARN_DEPRECATED_OBJC_IMPLEMENTATIONS = YES;
				CLANG_WARN_DIRECT_OBJC_ISA_USAGE = YES_ERROR;
				CLANG_WARN_DOCUMENTATION_COMMENTS = YES;
				CLANG_WARN_EMPTY_BODY = YES;
				CLANG_WARN_ENUM_CONVERSION = YES;
				CLANG_WARN_INFINITE_RECURSION = YES;
				CLANG_WARN_INT_CONVERSION = YES;
				CLANG_WARN_NON_LITERAL_NULL_CONVERSION = YES;
				CLANG_WARN_OBJC_IMPLICIT_RETAIN_SELF = YES;
				CLANG_WARN_OBJC_LITERAL_CONVERSION = YES;
				CLANG_WARN_OBJC_ROOT_CLASS = YES_ERROR;
				CLANG_WARN_RANGE_LOOP_ANALYSIS = YES;
				CLANG_WARN_STRICT_PROTOTYPES = YES;
				CLANG_WARN_SUSPICIOUS_MOVE = YES;
				CLANG_WARN_UNGUARDED_AVAILABILITY = YES_AGGRESSIVE;
				CLANG_WARN_UNREACHABLE_CODE = YES;
				CLANG_WARN__DUPLICATE_METHOD_MATCH = YES;
				COPY_PHASE_STRIP = NO;
				DEBUG_INFORMATION_FORMAT = "dwarf-with-dsym";
				ENABLE_NS_ASSERTIONS = NO;
				ENABLE_STRICT_OBJC_MSGSEND = YES;
				GCC_C_LANGUAGE_STANDARD = gnu11;
				GCC_NO_COMMON_BLOCKS = YES;
				GCC_WARN_64_TO_32_BIT_CONVERSION = YES;
				GCC_WARN_ABOUT_RETURN_TYPE = YES_ERROR;
				GCC_WARN_UNDECLARED_SELECTOR = YES;
				GCC_WARN_UNINITIALIZED_AUTOS = YES_AGGRESSIVE;
				GCC_WARN_UNUSED_FUNCTION = YES;
				GCC_WARN_UNUSED_VARIABLE = YES;
				IPHONEOS_DEPLOYMENT_TARGET = 13.6;
				MTL_ENABLE_DEBUG_INFO = NO;
				MTL_FAST_MATH = YES;
				SDKROOT = iphoneos;
				SWIFT_COMPILATION_MODE = wholemodule;
				SWIFT_OPTIMIZATION_LEVEL = "-O";
				VALIDATE_PRODUCT = YES;
			};
			name = Release;
		};
		A32EF60624FFB685000252EA /* Debug */ = {
			isa = XCBuildConfiguration;
			baseConfigurationReference = 6CFC2063EFE54EE1DF97B4F8 /* Pods-60_nasaMarsPhoto.debug.xcconfig */;
			buildSettings = {
				ASSETCATALOG_COMPILER_APPICON_NAME = AppIcon;
				CODE_SIGN_STYLE = Automatic;
				DEVELOPMENT_TEAM = YPXDVQFQ53;
				INFOPLIST_FILE = 60_nasaMarsPhoto/Info.plist;
				LD_RUNPATH_SEARCH_PATHS = (
					"$(inherited)",
					"@executable_path/Frameworks",
				);
				PRODUCT_BUNDLE_IDENTIFIER = "fedir72.-0-nasaMarsPhoto";
				PRODUCT_NAME = "$(TARGET_NAME)";
				SWIFT_VERSION = 5.0;
				TARGETED_DEVICE_FAMILY = "1,2";
			};
			name = Debug;
		};
		A32EF60724FFB685000252EA /* Release */ = {
			isa = XCBuildConfiguration;
			baseConfigurationReference = 8AF9B45F8D4E31284BC43538 /* Pods-60_nasaMarsPhoto.release.xcconfig */;
			buildSettings = {
				ASSETCATALOG_COMPILER_APPICON_NAME = AppIcon;
				CODE_SIGN_STYLE = Automatic;
				DEVELOPMENT_TEAM = YPXDVQFQ53;
				INFOPLIST_FILE = 60_nasaMarsPhoto/Info.plist;
				LD_RUNPATH_SEARCH_PATHS = (
					"$(inherited)",
					"@executable_path/Frameworks",
				);
				PRODUCT_BUNDLE_IDENTIFIER = "fedir72.-0-nasaMarsPhoto";
				PRODUCT_NAME = "$(TARGET_NAME)";
				SWIFT_VERSION = 5.0;
				TARGETED_DEVICE_FAMILY = "1,2";
			};
			name = Release;
		};
/* End XCBuildConfiguration section */

/* Begin XCConfigurationList section */
		A32EF5EC24FFB684000252EA /* Build configuration list for PBXProject "60_nasaMarsPhoto" */ = {
			isa = XCConfigurationList;
			buildConfigurations = (
				A32EF60324FFB685000252EA /* Debug */,
				A32EF60424FFB685000252EA /* Release */,
			);
			defaultConfigurationIsVisible = 0;
			defaultConfigurationName = Release;
		};
		A32EF60524FFB685000252EA /* Build configuration list for PBXNativeTarget "60_nasaMarsPhoto" */ = {
			isa = XCConfigurationList;
			buildConfigurations = (
				A32EF60624FFB685000252EA /* Debug */,
				A32EF60724FFB685000252EA /* Release */,
			);
			defaultConfigurationIsVisible = 0;
			defaultConfigurationName = Release;
		};
/* End XCConfigurationList section */
	};
	rootObject = A32EF5E924FFB684000252EA /* Project object */;
}
